
Microsoft Visual Studio Solution File, Format Version 12.00
# Visual Studio 15
VisualStudioVersion = 15.0.27130.2027
MinimumVisualStudioVersion = 10.0.40219.1
Project("{FAE04EC0-301F-11D3-BF4B-00C04F79EFBC}") = "tutorialBot", "tutorialBot\tutorialBot.csproj", "{7426F33D-ED6F-4A66-8472-F6B0BD0BDFF5}"
EndProject
Global
	GlobalSection(SolutionConfigurationPlatforms) = preSolution
		Debug|Any CPU = Debug|Any CPU
		Release|Any CPU = Release|Any CPU
	EndGlobalSection
	GlobalSection(ProjectConfigurationPlatforms) = postSolution
		{7426F33D-ED6F-4A66-8472-F6B0BD0BDFF5}.Debug|Any CPU.ActiveCfg = Debug|Any CPU
		{7426F33D-ED6F-4A66-8472-F6B0BD0BDFF5}.Debug|Any CPU.Build.0 = Debug|Any CPU
		{7426F33D-ED6F-4A66-8472-F6B0BD0BDFF5}.Release|Any CPU.ActiveCfg = Release|Any CPU
		{7426F33D-ED6F-4A66-8472-F6B0BD0BDFF5}.Release|Any CPU.Build.0 = Release|Any CPU
	EndGlobalSection
	GlobalSection(SolutionProperties) = preSolution
		HideSolutionNode = FALSE
	EndGlobalSection
	GlobalSection(ExtensibilityGlobals) = postSolution
		SolutionGuid = {E59DB2BE-CE8C-4415-8111-9E6D001E6378}
	EndGlobalSection
EndGlobal
